{
  "name": "Multiverso-Spider-Man",
  "lockfileVersion": 2,
  "requires": true,
  "packages": {
    "": {
      "dependencies": {
        "@fancyapps/ui": "^4.0.27"
      }
    },
    "node_modules/@fancyapps/ui": {
      "version": "4.0.27",
      "resolved": "https://registry.npmjs.org/@fancyapps/ui/-/ui-4.0.27.tgz",
      "integrity": "sha512-IpLREaLVhLGxcYeloCHrSuuPErRP4oEiLDgztZZMcBaKM4NnvRifw7MbU8unDKX+KCL+Ai9mEtH6J17zQ8FEig=="
    }
  },
  "dependencies": {
    "@fancyapps/ui": {
      "version": "4.0.27",
      "resolved": "https://registry.npmjs.org/@fancyapps/ui/-/ui-4.0.27.tgz",
      "integrity": "sha512-IpLREaLVhLGxcYeloCHrSuuPErRP4oEiLDgztZZMcBaKM4NnvRifw7MbU8unDKX+KCL+Ai9mEtH6J17zQ8FEig=="
    }
  }
}
